{
  "name": "playground",
  "version": "1.0.0",
  "lockfileVersion": 3,
  "requires": true,
  "packages": {
    "": {
      "name": "playground",
      "version": "1.0.0",
      "dependencies": {
        "@fourlights/mapper": "file:../",
        "date-fns": "^3.6.0"
      },
      "devDependencies": {
        "@faker-js/faker": "^8.4.1",
        "typescript": "^5.4.3"
      }
    },
    "..": {
      "name": "@fourlights/mapper",
      "version": "0.0.0",
      "license": "MIT",
      "dependencies": {
        "defu": "^6.1.4",
        "dlv": "^1.1.3",
        "get-value": "^3.0.1",
        "set-value": "^4.1.0"
      },
      "devDependencies": {
        "@release-it/conventional-changelog": "^8.0.1",
        "@types/jest": "^29.5.12",
        "jest": "^29.7.0",
        "oxlint": "^0.2.15",
        "prettier": "^3.2.5",
        "release-it": "^17.1.1",
        "ts-jest": "^29.1.2",
        "tsup": "^8.0.2",
        "typescript": "^5.4.3"
      }
    },
    "node_modules/@faker-js/faker": {
      "version": "8.4.1",
      "resolved": "https://registry.npmjs.org/@faker-js/faker/-/faker-8.4.1.tgz",
      "integrity": "sha512-XQ3cU+Q8Uqmrbf2e0cIC/QN43sTBSC8KF12u29Mb47tWrt2hAgBXSgpZMj4Ao8Uk0iJcU99QsOCaIL8934obCg==",
      "dev": true,
      "funding": [
        {
          "type": "opencollective",
          "url": "https://opencollective.com/fakerjs"
        }
      ],
      "engines": {
        "node": "^14.17.0 || ^16.13.0 || >=18.0.0",
        "npm": ">=6.14.13"
      }
    },
    "node_modules/@fourlights/mapper": {
      "resolved": "..",
      "link": true
    },
    "node_modules/date-fns": {
      "version": "3.6.0",
      "resolved": "https://registry.npmjs.org/date-fns/-/date-fns-3.6.0.tgz",
      "integrity": "sha512-fRHTG8g/Gif+kSh50gaGEdToemgfj74aRX3swtiouboip5JDLAyDE9F11nHMIcvOaXeOC6D7SpNhi7uFyB7Uww==",
      "funding": {
        "type": "github",
        "url": "https://github.com/sponsors/kossnocorp"
      }
    },
    "node_modules/typescript": {
      "version": "5.4.3",
      "resolved": "https://registry.npmjs.org/typescript/-/typescript-5.4.3.tgz",
      "integrity": "sha512-KrPd3PKaCLr78MalgiwJnA25Nm8HAmdwN3mYUYZgG/wizIo9EainNVQI9/yDavtVFRN2h3k8uf3GLHuhDMgEHg==",
      "dev": true,
      "bin": {
        "tsc": "bin/tsc",
        "tsserver": "bin/tsserver"
      },
      "engines": {
        "node": ">=14.17"
      }
    }
  }
}
